
Microsoft Visual Studio Solution File, Format Version 12.00
# Visual Studio 15
Project("{FAE04EC0-301F-11D3-BF4B-00C04F79EFBC}") = "Assembly-CSharp", "Assembly-CSharp.csproj", "{A2FEEA78-A79A-D66A-40B8-F57593DA5173}"
EndProject
Project("{FAE04EC0-301F-11D3-BF4B-00C04F79EFBC}") = "Assembly-CSharp-Editor", "Assembly-CSharp-Editor.csproj", "{909A179E-12ED-35DE-4E07-FFF78C446189}"
EndProject
Global
	GlobalSection(SolutionConfigurationPlatforms) = preSolution
		Debug|Any CPU = Debug|Any CPU
		Release|Any CPU = Release|Any CPU
	EndGlobalSection
	GlobalSection(ProjectConfigurationPlatforms) = postSolution
		{A2FEEA78-A79A-D66A-40B8-F57593DA5173}.Debug|Any CPU.ActiveCfg = Debug|Any CPU
		{A2FEEA78-A79A-D66A-40B8-F57593DA5173}.Debug|Any CPU.Build.0 = Debug|Any CPU
		{A2FEEA78-A79A-D66A-40B8-F57593DA5173}.Release|Any CPU.ActiveCfg = Release|Any CPU
		{A2FEEA78-A79A-D66A-40B8-F57593DA5173}.Release|Any CPU.Build.0 = Release|Any CPU
		{909A179E-12ED-35DE-4E07-FFF78C446189}.Debug|Any CPU.ActiveCfg = Debug|Any CPU
		{909A179E-12ED-35DE-4E07-FFF78C446189}.Debug|Any CPU.Build.0 = Debug|Any CPU
		{909A179E-12ED-35DE-4E07-FFF78C446189}.Release|Any CPU.ActiveCfg = Release|Any CPU
		{909A179E-12ED-35DE-4E07-FFF78C446189}.Release|Any CPU.Build.0 = Release|Any CPU
	EndGlobalSection
	GlobalSection(SolutionProperties) = preSolution
		HideSolutionNode = FALSE
	EndGlobalSection
EndGlobal
